
Microsoft Visual Studio Solution File, Format Version 12.00
# Visual Studio Version 17
VisualStudioVersion = 17.2.32630.192
MinimumVisualStudioVersion = 10.0.40219.1
Project("{FAE04EC0-301F-11D3-BF4B-00C04F79EFBC}") = "WindowsFormsApp4", "WindowsFormsApp4\WindowsFormsApp4.csproj", "{8D021F45-F21A-4B10-8EE6-3E6E19B3E68F}"
EndProject
Global
	GlobalSection(SolutionConfigurationPlatforms) = preSolution
		Debug|Any CPU = Debug|Any CPU
		Release|Any CPU = Release|Any CPU
	EndGlobalSection
	GlobalSection(ProjectConfigurationPlatforms) = postSolution
		{8D021F45-F21A-4B10-8EE6-3E6E19B3E68F}.Debug|Any CPU.ActiveCfg = Debug|Any CPU
		{8D021F45-F21A-4B10-8EE6-3E6E19B3E68F}.Debug|Any CPU.Build.0 = Debug|Any CPU
		{8D021F45-F21A-4B10-8EE6-3E6E19B3E68F}.Release|Any CPU.ActiveCfg = Release|Any CPU
		{8D021F45-F21A-4B10-8EE6-3E6E19B3E68F}.Release|Any CPU.Build.0 = Release|Any CPU
	EndGlobalSection
	GlobalSection(SolutionProperties) = preSolution
		HideSolutionNode = FALSE
	EndGlobalSection
	GlobalSection(ExtensibilityGlobals) = postSolution
		SolutionGuid = {5CD3EE92-BD97-4F40-AECF-6997F9229396}
	EndGlobalSection
EndGlobal
